
Microsoft Visual Studio Solution File, Format Version 12.00
# Visual Studio Version 17
VisualStudioVersion = 17.14.37111.16 d17.14
MinimumVisualStudioVersion = 10.0.40219.1
Project("{FAE04EC0-301F-11D3-BF4B-00C04F79EFBC}") = "BlogPost.Web", "BlogPost\BlogPost.Web.csproj", "{8709F123-E344-43C5-8FA4-3A2292772E64}"
EndProject
Project("{2150E333-8FDC-42A3-9474-1A3956D46DE8}") = "Core", "Core", "{02EA681E-C7D8-13C7-8484-4AC65E1B71E8}"
EndProject
Project("{FAE04EC0-301F-11D3-BF4B-00C04F79EFBC}") = "Domain", "Domain\Domain.csproj", "{970ADB08-606A-454E-B8AB-7A9D9DE9A837}"
EndProject
Project("{FAE04EC0-301F-11D3-BF4B-00C04F79EFBC}") = "Service", "Service\Service.csproj", "{A38BB179-9100-482A-A4C5-A938AECBBC6C}"
EndProject
Project("{FAE04EC0-301F-11D3-BF4B-00C04F79EFBC}") = "ServiceAbstraction", "ServiceAbstraction\ServiceAbstraction.csproj", "{FC81540A-6C0B-4306-AAA0-92DED9C1242E}"
EndProject
Project("{2150E333-8FDC-42A3-9474-1A3956D46DE8}") = "Infrastructure", "Infrastructure", "{81D8D9EB-D48C-489B-AAB1-5E6156CDBAF3}"
EndProject
Project("{FAE04EC0-301F-11D3-BF4B-00C04F79EFBC}") = "Persistence", "Persistence\Persistence.csproj", "{2F6DA869-B8F4-4B8F-9E0B-F8FE05939B36}"
EndProject
Project("{FAE04EC0-301F-11D3-BF4B-00C04F79EFBC}") = "Presentation", "Presentation\Presentation.csproj", "{57F684C3-6A1D-4042-847F-3604458BF746}"
EndProject
Project("{FAE04EC0-301F-11D3-BF4B-00C04F79EFBC}") = "Shared", "Shared\Shared.csproj", "{EE48E18C-CD54-452D-942C-B130C992A162}"
EndProject
Global
	GlobalSection(SolutionConfigurationPlatforms) = preSolution
		Debug|Any CPU = Debug|Any CPU
		Release|Any CPU = Release|Any CPU
	EndGlobalSection
	GlobalSection(ProjectConfigurationPlatforms) = postSolution
		{8709F123-E344-43C5-8FA4-3A2292772E64}.Debug|Any CPU.ActiveCfg = Debug|Any CPU
		{8709F123-E344-43C5-8FA4-3A2292772E64}.Debug|Any CPU.Build.0 = Debug|Any CPU
		{8709F123-E344-43C5-8FA4-3A2292772E64}.Release|Any CPU.ActiveCfg = Release|Any CPU
		{8709F123-E344-43C5-8FA4-3A2292772E64}.Release|Any CPU.Build.0 = Release|Any CPU
		{970ADB08-606A-454E-B8AB-7A9D9DE9A837}.Debug|Any CPU.ActiveCfg = Debug|Any CPU
		{970ADB08-606A-454E-B8AB-7A9D9DE9A837}.Debug|Any CPU.Build.0 = Debug|Any CPU
		{970ADB08-606A-454E-B8AB-7A9D9DE9A837}.Release|Any CPU.ActiveCfg = Release|Any CPU
		{970ADB08-606A-454E-B8AB-7A9D9DE9A837}.Release|Any CPU.Build.0 = Release|Any CPU
		{A38BB179-9100-482A-A4C5-A938AECBBC6C}.Debug|Any CPU.ActiveCfg = Debug|Any CPU
		{A38BB179-9100-482A-A4C5-A938AECBBC6C}.Debug|Any CPU.Build.0 = Debug|Any CPU
		{A38BB179-9100-482A-A4C5-A938AECBBC6C}.Release|Any CPU.ActiveCfg = Release|Any CPU
		{A38BB179-9100-482A-A4C5-A938AECBBC6C}.Release|Any CPU.Build.0 = Release|Any CPU
		{FC81540A-6C0B-4306-AAA0-92DED9C1242E}.Debug|Any CPU.ActiveCfg = Debug|Any CPU
		{FC81540A-6C0B-4306-AAA0-92DED9C1242E}.Debug|Any CPU.Build.0 = Debug|Any CPU
		{FC81540A-6C0B-4306-AAA0-92DED9C1242E}.Release|Any CPU.ActiveCfg = Release|Any CPU
		{FC81540A-6C0B-4306-AAA0-92DED9C1242E}.Release|Any CPU.Build.0 = Release|Any CPU
		{2F6DA869-B8F4-4B8F-9E0B-F8FE05939B36}.Debug|Any CPU.ActiveCfg = Debug|Any CPU
		{2F6DA869-B8F4-4B8F-9E0B-F8FE05939B36}.Debug|Any CPU.Build.0 = Debug|Any CPU
		{2F6DA869-B8F4-4B8F-9E0B-F8FE05939B36}.Release|Any CPU.ActiveCfg = Release|Any CPU
		{2F6DA869-B8F4-4B8F-9E0B-F8FE05939B36}.Release|Any CPU.Build.0 = Release|Any CPU
		{57F684C3-6A1D-4042-847F-3604458BF746}.Debug|Any CPU.ActiveCfg = Debug|Any CPU
		{57F684C3-6A1D-4042-847F-3604458BF746}.Debug|Any CPU.Build.0 = Debug|Any CPU
		{57F684C3-6A1D-4042-847F-3604458BF746}.Release|Any CPU.ActiveCfg = Release|Any CPU
		{57F684C3-6A1D-4042-847F-3604458BF746}.Release|Any CPU.Build.0 = Release|Any CPU
		{EE48E18C-CD54-452D-942C-B130C992A162}.Debug|Any CPU.ActiveCfg = Debug|Any CPU
		{EE48E18C-CD54-452D-942C-B130C992A162}.Debug|Any CPU.Build.0 = Debug|Any CPU
		{EE48E18C-CD54-452D-942C-B130C992A162}.Release|Any CPU.ActiveCfg = Release|Any CPU
		{EE48E18C-CD54-452D-942C-B130C992A162}.Release|Any CPU.Build.0 = Release|Any CPU
	EndGlobalSection
	GlobalSection(SolutionProperties) = preSolution
		HideSolutionNode = FALSE
	EndGlobalSection
	GlobalSection(NestedProjects) = preSolution
		{970ADB08-606A-454E-B8AB-7A9D9DE9A837} = {02EA681E-C7D8-13C7-8484-4AC65E1B71E8}
		{A38BB179-9100-482A-A4C5-A938AECBBC6C} = {02EA681E-C7D8-13C7-8484-4AC65E1B71E8}
		{FC81540A-6C0B-4306-AAA0-92DED9C1242E} = {02EA681E-C7D8-13C7-8484-4AC65E1B71E8}
		{2F6DA869-B8F4-4B8F-9E0B-F8FE05939B36} = {81D8D9EB-D48C-489B-AAB1-5E6156CDBAF3}
		{57F684C3-6A1D-4042-847F-3604458BF746} = {81D8D9EB-D48C-489B-AAB1-5E6156CDBAF3}
	EndGlobalSection
	GlobalSection(ExtensibilityGlobals) = postSolution
		SolutionGuid = {317759EC-45F2-4DFC-B58C-46E3E01BBA52}
	EndGlobalSection
EndGlobal
